PODS:
  - LBXScan (1.0.9):
    - LBXScan/LBXScan+UIKit (= 1.0.9)
    - LBXScan/LBXScanCore (= 1.0.9)
  - LBXScan/LBXScan+UIKit (1.0.9)
  - LBXScan/LBXScanCore (1.0.9):
    - LBXScan/LBXScanCore/LibZXing (= 1.0.9)
  - LBXScan/LBXScanCore/LibZXing (1.0.9):
    - LBXScan/LBXScanCore/LibZXing/ZXingObjC (= 1.0.9)
    - LBXScan/LBXScanCore/LibZXing/ZXingWrapper (= 1.0.9)
  - LBXScan/LBXScanCore/LibZXing/ZXingObjC (1.0.9)
  - LBXScan/LBXScanCore/LibZXing/ZXingWrapper (1.0.9)
  - UMengFeedback (2.3.3)

DEPENDENCIES:
  - LBXScan (from `https://github.com/MxABC/LBXScan.git`)
  - UMengFeedback (~> 2.3.3)

EXTERNAL SOURCES:
  LBXScan:
    :git: https://github.com/MxABC/LBXScan.git

CHECKOUT OPTIONS:
  LBXScan:
    :commit: 1229917e90c3638bd0cf68d300e26a9448de550e
    :git: https://github.com/MxABC/LBXScan.git

SPEC CHECKSUMS:
  LBXScan: 9be477fca952383a10524f128b286ccb0c12f015
  UMengFeedback: 6dd19dc88d310c317023aa495d10671b1c112531

COCOAPODS: 0.38.2
